
Microsoft Visual Studio Solution File, Format Version 12.00
# Visual Studio Version 17
VisualStudioVersion = 17.4.33213.308
MinimumVisualStudioVersion = 10.0.40219.1
Project("{FAE04EC0-301F-11D3-BF4B-00C04F79EFBC}") = "AbstractAnimalClass", "AbstractAnimalClass\AbstractAnimalClass.csproj", "{189737E3-DAC8-4CFA-BA75-35BD6B5E26DB}"
EndProject
Global
	GlobalSection(SolutionConfigurationPlatforms) = preSolution
		Debug|Any CPU = Debug|Any CPU
		Release|Any CPU = Release|Any CPU
	EndGlobalSection
	GlobalSection(ProjectConfigurationPlatforms) = postSolution
		{189737E3-DAC8-4CFA-BA75-35BD6B5E26DB}.Debug|Any CPU.ActiveCfg = Debug|Any CPU
		{189737E3-DAC8-4CFA-BA75-35BD6B5E26DB}.Debug|Any CPU.Build.0 = Debug|Any CPU
		{189737E3-DAC8-4CFA-BA75-35BD6B5E26DB}.Release|Any CPU.ActiveCfg = Release|Any CPU
		{189737E3-DAC8-4CFA-BA75-35BD6B5E26DB}.Release|Any CPU.Build.0 = Release|Any CPU
	EndGlobalSection
	GlobalSection(SolutionProperties) = preSolution
		HideSolutionNode = FALSE
	EndGlobalSection
	GlobalSection(ExtensibilityGlobals) = postSolution
		SolutionGuid = {EDAF576F-6AF1-4FBE-86D5-C34B15AB99EF}
	EndGlobalSection
EndGlobal
